// !$*UTF8*$!
{
	archiveVersion = 1;
	classes = {
	};
	objectVersion = 46;
	objects = {

/* Begin PBXBuildFile section */
		C502DD7919315F1900C6A7B7 /* Foundation.framework in Frameworks */ = {isa = PBXBuildFile; fileRef = C502DD7819315F1900C6A7B7 /* Foundation.framework */; };
		C502DD7B19315F1900C6A7B7 /* CoreGraphics.framework in Frameworks */ = {isa = PBXBuildFile; fileRef = C502DD7A19315F1900C6A7B7 /* CoreGraphics.framework */; };
		C502DD7D19315F1900C6A7B7 /* UIKit.framework in Frameworks */ = {isa = PBXBuildFile; fileRef = C502DD7C19315F1900C6A7B7 /* UIKit.framework */; };
		C502DD8319315F1900C6A7B7 /* InfoPlist.strings in Resources */ = {isa = PBXBuildFile; fileRef = C502DD8119315F1900C6A7B7 /* InfoPlist.strings */; };
		C502DD8519315F1900C6A7B7 /* main.m in Sources */ = {isa = PBXBuildFile; fileRef = C502DD8419315F1900C6A7B7 /* main.m */; };
		C502DD8919315F1900C6A7B7 /* AppDelegate.m in Sources */ = {isa = PBXBuildFile; fileRef = C502DD8819315F1900C6A7B7 /* AppDelegate.m */; };
		C502DD8C19315F1900C6A7B7 /* Main_iPhone.storyboard in Resources */ = {isa = PBXBuildFile; fileRef = C502DD8A19315F1900C6A7B7 /* Main_iPhone.storyboard */; };
		C502DD8F19315F1900C6A7B7 /* Main_iPad.storyboard in Resources */ = {isa = PBXBuildFile; fileRef = C502DD8D19315F1900C6A7B7 /* Main_iPad.storyboard */; };
		C502DD9219315F1900C6A7B7 /* FirstViewController.m in Sources */ = {isa = PBXBuildFile; fileRef = C502DD9119315F1900C6A7B7 /* FirstViewController.m */; };
		C502DD9519315F1900C6A7B7 /* SecondViewController.m in Sources */ = {isa = PBXBuildFile; fileRef = C502DD9419315F1900C6A7B7 /* SecondViewController.m */; };
		C502DD9719315F1900C6A7B7 /* Images.xcassets in Resources */ = {isa = PBXBuildFile; fileRef = C502DD9619315F1900C6A7B7 /* Images.xcassets */; };
		C502DD9E19315F1900C6A7B7 /* XCTest.framework in Frameworks */ = {isa = PBXBuildFile; fileRef = C502DD9D19315F1900C6A7B7 /* XCTest.framework */; };
		C502DD9F19315F1900C6A7B7 /* Foundation.framework in Frameworks */ = {isa = PBXBuildFile; fileRef = C502DD7819315F1900C6A7B7 /* Foundation.framework */; };
		C502DDA019315F1900C6A7B7 /* UIKit.framework in Frameworks */ = {isa = PBXBuildFile; fileRef = C502DD7C19315F1900C6A7B7 /* UIKit.framework */; };
		C502DDA819315F1900C6A7B7 /* InfoPlist.strings in Resources */ = {isa = PBXBuildFile; fileRef = C502DDA619315F1900C6A7B7 /* InfoPlist.strings */; };
		C502DDAA19315F1900C6A7B7 /* Backyard_GrocersTests.m in Sources */ = {isa = PBXBuildFile; fileRef = C502DDA919315F1900C6A7B7 /* Backyard_GrocersTests.m */; };
/* End PBXBuildFile section */

/* Begin PBXContainerItemProxy section */
		C502DDA119315F1900C6A7B7 /* PBXContainerItemProxy */ = {
			isa = PBXContainerItemProxy;
			containerPortal = C502DD6D19315F1900C6A7B7 /* Project object */;
			proxyType = 1;
			remoteGlobalIDString = C502DD7419315F1900C6A7B7;
			remoteInfo = "Backyard Grocers";
		};
/* End PBXContainerItemProxy section */

/* Begin PBXFileReference section */
		C502DD7519315F1900C6A7B7 /* Backyard Grocers.app */ = {isa = PBXFileReference; explicitFileType = wrapper.application; includeInIndex = 0; path = "Backyard Grocers.app"; sourceTree = BUILT_PRODUCTS_DIR; };
		C502DD7819315F1900C6A7B7 /* Foundation.framework */ = {isa = PBXFileReference; lastKnownFileType = wrapper.framework; name = Foundation.framework; path = System/Library/Frameworks/Foundation.framework; sourceTree = SDKROOT; };
		C502DD7A19315F1900C6A7B7 /* CoreGraphics.framework */ = {isa = PBXFileReference; lastKnownFileType = wrapper.framework; name = CoreGraphics.framework; path = System/Library/Frameworks/CoreGraphics.framework; sourceTree = SDKROOT; };
		C502DD7C19315F1900C6A7B7 /* UIKit.framework */ = {isa = PBXFileReference; lastKnownFileType = wrapper.framework; name = UIKit.framework; path = System/Library/Frameworks/UIKit.framework; sourceTree = SDKROOT; };
		C502DD8019315F1900C6A7B7 /* Backyard Grocers-Info.plist */ = {isa = PBXFileReference; lastKnownFileType = text.plist.xml; path = "Backyard Grocers-Info.plist"; sourceTree = "<group>"; };
		C502DD8219315F1900C6A7B7 /* en */ = {isa = PBXFileReference; lastKnownFileType = text.plist.strings; name = en; path = en.lproj/InfoPlist.strings; sourceTree = "<group>"; };
		C502DD8419315F1900C6A7B7 /* main.m */ = {isa = PBXFileReference; lastKnownFileType = sourcecode.c.objc; path = main.m; sourceTree = "<group>"; };
		C502DD8619315F1900C6A7B7 /* Backyard Grocers-Prefix.pch */ = {isa = PBXFileReference; lastKnownFileType = sourcecode.c.h; path = "Backyard Grocers-Prefix.pch"; sourceTree = "<group>"; };
		C502DD8719315F1900C6A7B7 /* AppDelegate.h */ = {isa = PBXFileReference; lastKnownFileType = sourcecode.c.h; path = AppDelegate.h; sourceTree = "<group>"; };
		C502DD8819315F1900C6A7B7 /* AppDelegate.m */ = {isa = PBXFileReference; lastKnownFileType = sourcecode.c.objc; path = AppDelegate.m; sourceTree = "<group>"; };
		C502DD8B19315F1900C6A7B7 /* Base */ = {isa = PBXFileReference; lastKnownFileType = file.storyboard; name = Base; path = Base.lproj/Main_iPhone.storyboard; sourceTree = "<group>"; };
		C502DD8E19315F1900C6A7B7 /* Base */ = {isa = PBXFileReference; lastKnownFileType = file.storyboard; name = Base; path = Base.lproj/Main_iPad.storyboard; sourceTree = "<group>"; };
		C502DD9019315F1900C6A7B7 /* FirstViewController.h */ = {isa = PBXFileReference; lastKnownFileType = sourcecode.c.h; path = FirstViewController.h; sourceTree = "<group>"; };
		C502DD9119315F1900C6A7B7 /* FirstViewController.m */ = {isa = PBXFileReference; lastKnownFileType = sourcecode.c.objc; path = FirstViewController.m; sourceTree = "<group>"; };
		C502DD9319315F1900C6A7B7 /* SecondViewController.h */ = {isa = PBXFileReference; lastKnownFileType = sourcecode.c.h; path = SecondViewController.h; sourceTree = "<group>"; };
		C502DD9419315F1900C6A7B7 /* SecondViewController.m */ = {isa = PBXFileReference; lastKnownFileType = sourcecode.c.objc; path = SecondViewController.m; sourceTree = "<group>"; };
		C502DD9619315F1900C6A7B7 /* Images.xcassets */ = {isa = PBXFileReference; lastKnownFileType = folder.assetcatalog; path = Images.xcassets; sourceTree = "<group>"; };
		C502DD9C19315F1900C6A7B7 /* Backyard GrocersTests.xctest */ = {isa = PBXFileReference; explicitFileType = wrapper.cfbundle; includeInIndex = 0; path = "Backyard GrocersTests.xctest"; sourceTree = BUILT_PRODUCTS_DIR; };
		C502DD9D19315F1900C6A7B7 /* XCTest.framework */ = {isa = PBXFileReference; lastKnownFileType = wrapper.framework; name = XCTest.framework; path = Library/Frameworks/XCTest.framework; sourceTree = DEVELOPER_DIR; };
		C502DDA519315F1900C6A7B7 /* Backyard GrocersTests-Info.plist */ = {isa = PBXFileReference; lastKnownFileType = text.plist.xml; path = "Backyard GrocersTests-Info.plist"; sourceTree = "<group>"; };
		C502DDA719315F1900C6A7B7 /* en */ = {isa = PBXFileReference; lastKnownFileType = text.plist.strings; name = en; path = en.lproj/InfoPlist.strings; sourceTree = "<group>"; };
		C502DDA919315F1900C6A7B7 /* Backyard_GrocersTests.m */ = {isa = PBXFileReference; lastKnownFileType = sourcecode.c.objc; path = Backyard_GrocersTests.m; sourceTree = "<group>"; };
/* End PBXFileReference section */

/* Begin PBXFrameworksBuildPhase section */
		C502DD7219315F1900C6A7B7 /* Frameworks */ = {
			isa = PBXFrameworksBuildPhase;
			buildActionMask = 2147483647;
			files = (
				C502DD7B19315F1900C6A7B7 /* CoreGraphics.framework in Frameworks */,
				C502DD7D19315F1900C6A7B7 /* UIKit.framework in Frameworks */,
				C502DD7919315F1900C6A7B7 /* Foundation.framework in Frameworks */,
			);
			runOnlyForDeploymentPostprocessing = 0;
		};
		C502DD9919315F1900C6A7B7 /* Frameworks */ = {
			isa = PBXFrameworksBuildPhase;
			buildActionMask = 2147483647;
			files = (
				C502DD9E19315F1900C6A7B7 /* XCTest.framework in Frameworks */,
				C502DDA019315F1900C6A7B7 /* UIKit.framework in Frameworks */,
				C502DD9F19315F1900C6A7B7 /* Foundation.framework in Frameworks */,
			);
			runOnlyForDeploymentPostprocessing = 0;
		};
/* End PBXFrameworksBuildPhase section */

/* Begin PBXGroup section */
		C502DD6C19315F1900C6A7B7 = {
			isa = PBXGroup;
			children = (
				C502DD7E19315F1900C6A7B7 /* Backyard Grocers */,
				C502DDA319315F1900C6A7B7 /* Backyard GrocersTests */,
				C502DD7719315F1900C6A7B7 /* Frameworks */,
				C502DD7619315F1900C6A7B7 /* Products */,
			);
			sourceTree = "<group>";
		};
		C502DD7619315F1900C6A7B7 /* Products */ = {
			isa = PBXGroup;
			children = (
				C502DD7519315F1900C6A7B7 /* Backyard Grocers.app */,
				C502DD9C19315F1900C6A7B7 /* Backyard GrocersTests.xctest */,
			);
			name = Products;
			sourceTree = "<group>";
		};
		C502DD7719315F1900C6A7B7 /* Frameworks */ = {
			isa = PBXGroup;
			children = (
				C502DD7819315F1900C6A7B7 /* Foundation.framework */,
				C502DD7A19315F1900C6A7B7 /* CoreGraphics.framework */,
				C502DD7C19315F1900C6A7B7 /* UIKit.framework */,
				C502DD9D19315F1900C6A7B7 /* XCTest.framework */,
			);
			name = Frameworks;
			sourceTree = "<group>";
		};
		C502DD7E19315F1900C6A7B7 /* Backyard Grocers */ = {
			isa = PBXGroup;
			children = (
				C502DD8719315F1900C6A7B7 /* AppDelegate.h */,
				C502DD8819315F1900C6A7B7 /* AppDelegate.m */,
				C502DD8A19315F1900C6A7B7 /* Main_iPhone.storyboard */,
				C502DD8D19315F1900C6A7B7 /* Main_iPad.storyboard */,
				C502DD9019315F1900C6A7B7 /* FirstViewController.h */,
				C502DD9119315F1900C6A7B7 /* FirstViewController.m */,
				C502DD9319315F1900C6A7B7 /* SecondViewController.h */,
				C502DD9419315F1900C6A7B7 /* SecondViewController.m */,
				C502DD9619315F1900C6A7B7 /* Images.xcassets */,
				C502DD7F19315F1900C6A7B7 /* Supporting Files */,
			);
			path = "Backyard Grocers";
			sourceTree = "<group>";
		};
		C502DD7F19315F1900C6A7B7 /* Supporting Files */ = {
			isa = PBXGroup;
			children = (
				C502DD8019315F1900C6A7B7 /* Backyard Grocers-Info.plist */,
				C502DD8119315F1900C6A7B7 /* InfoPlist.strings */,
				C502DD8419315F1900C6A7B7 /* main.m */,
				C502DD8619315F1900C6A7B7 /* Backyard Grocers-Prefix.pch */,
			);
			name = "Supporting Files";
			sourceTree = "<group>";
		};
		C502DDA319315F1900C6A7B7 /* Backyard GrocersTests */ = {
			isa = PBXGroup;
			children = (
				C502DDA919315F1900C6A7B7 /* Backyard_GrocersTests.m */,
				C502DDA419315F1900C6A7B7 /* Supporting Files */,
			);
			path = "Backyard GrocersTests";
			sourceTree = "<group>";
		};
		C502DDA419315F1900C6A7B7 /* Supporting Files */ = {
			isa = PBXGroup;
			children = (
				C502DDA519315F1900C6A7B7 /* Backyard GrocersTests-Info.plist */,
				C502DDA619315F1900C6A7B7 /* InfoPlist.strings */,
			);
			name = "Supporting Files";
			sourceTree = "<group>";
		};
/* End PBXGroup section */

/* Begin PBXNativeTarget section */
		C502DD7419315F1900C6A7B7 /* Backyard Grocers */ = {
			isa = PBXNativeTarget;
			buildConfigurationList = C502DDAD19315F1900C6A7B7 /* Build configuration list for PBXNativeTarget "Backyard Grocers" */;
			buildPhases = (
				C502DD7119315F1900C6A7B7 /* Sources */,
				C502DD7219315F1900C6A7B7 /* Frameworks */,
				C502DD7319315F1900C6A7B7 /* Resources */,
			);
			buildRules = (
			);
			dependencies = (
			);
			name = "Backyard Grocers";
			productName = "Backyard Grocers";
			productReference = C502DD7519315F1900C6A7B7 /* Backyard Grocers.app */;
			productType = "com.apple.product-type.application";
		};
		C502DD9B19315F1900C6A7B7 /* Backyard GrocersTests */ = {
			isa = PBXNativeTarget;
			buildConfigurationList = C502DDB019315F1900C6A7B7 /* Build configuration list for PBXNativeTarget "Backyard GrocersTests" */;
			buildPhases = (
				C502DD9819315F1900C6A7B7 /* Sources */,
				C502DD9919315F1900C6A7B7 /* Frameworks */,
				C502DD9A19315F1900C6A7B7 /* Resources */,
			);
			buildRules = (
			);
			dependencies = (
				C502DDA219315F1900C6A7B7 /* PBXTargetDependency */,
			);
			name = "Backyard GrocersTests";
			productName = "Backyard GrocersTests";
			productReference = C502DD9C19315F1900C6A7B7 /* Backyard GrocersTests.xctest */;
			productType = "com.apple.product-type.bundle.unit-test";
		};
/* End PBXNativeTarget section */

/* Begin PBXProject section */
		C502DD6D19315F1900C6A7B7 /* Project object */ = {
			isa = PBXProject;
			attributes = {
				LastUpgradeCheck = 0510;
				ORGANIZATIONNAME = "Bobby Rehm";
				TargetAttributes = {
					C502DD9B19315F1900C6A7B7 = {
						TestTargetID = C502DD7419315F1900C6A7B7;
					};
				};
			};
			buildConfigurationList = C502DD7019315F1900C6A7B7 /* Build configuration list for PBXProject "Backyard Grocers" */;
			compatibilityVersion = "Xcode 3.2";
			developmentRegion = English;
			hasScannedForEncodings = 0;
			knownRegions = (
				en,
				Base,
			);
			mainGroup = C502DD6C19315F1900C6A7B7;
			productRefGroup = C502DD7619315F1900C6A7B7 /* Products */;
			projectDirPath = "";
			projectRoot = "";
			targets = (
				C502DD7419315F1900C6A7B7 /* Backyard Grocers */,
				C502DD9B19315F1900C6A7B7 /* Backyard GrocersTests */,
			);
		};
/* End PBXProject section */

/* Begin PBXResourcesBuildPhase section */
		C502DD7319315F1900C6A7B7 /* Resources */ = {
			isa = PBXResourcesBuildPhase;
			buildActionMask = 2147483647;
			files = (
				C502DD8F19315F1900C6A7B7 /* Main_iPad.storyboard in Resources */,
				C502DD9719315F1900C6A7B7 /* Images.xcassets in Resources */,
				C502DD8C19315F1900C6A7B7 /* Main_iPhone.storyboard in Resources */,
				C502DD8319315F1900C6A7B7 /* InfoPlist.strings in Resources */,
			);
			runOnlyForDeploymentPostprocessing = 0;
		};
		C502DD9A19315F1900C6A7B7 /* Resources */ = {
			isa = PBXResourcesBuildPhase;
			buildActionMask = 2147483647;
			files = (
				C502DDA819315F1900C6A7B7 /* InfoPlist.strings in Resources */,
			);
			runOnlyForDeploymentPostprocessing = 0;
		};
/* End PBXResourcesBuildPhase section */

/* Begin PBXSourcesBuildPhase section */
		C502DD7119315F1900C6A7B7 /* Sources */ = {
			isa = PBXSourcesBuildPhase;
			buildActionMask = 2147483647;
			files = (
				C502DD9519315F1900C6A7B7 /* SecondViewController.m in Sources */,
				C502DD8919315F1900C6A7B7 /* AppDelegate.m in Sources */,
				C502DD9219315F1900C6A7B7 /* FirstViewController.m in Sources */,
				C502DD8519315F1900C6A7B7 /* main.m in Sources */,
			);
			runOnlyForDeploymentPostprocessing = 0;
		};
		C502DD9819315F1900C6A7B7 /* Sources */ = {
			isa = PBXSourcesBuildPhase;
			buildActionMask = 2147483647;
			files = (
				C502DDAA19315F1900C6A7B7 /* Backyard_GrocersTests.m in Sources */,
			);
			runOnlyForDeploymentPostprocessing = 0;
		};
/* End PBXSourcesBuildPhase section */

/* Begin PBXTargetDependency section */
		C502DDA219315F1900C6A7B7 /* PBXTargetDependency */ = {
			isa = PBXTargetDependency;
			target = C502DD7419315F1900C6A7B7 /* Backyard Grocers */;
			targetProxy = C502DDA119315F1900C6A7B7 /* PBXContainerItemProxy */;
		};
/* End PBXTargetDependency section */

/* Begin PBXVariantGroup section */
		C502DD8119315F1900C6A7B7 /* InfoPlist.strings */ = {
			isa = PBXVariantGroup;
			children = (
				C502DD8219315F1900C6A7B7 /* en */,
			);
			name = InfoPlist.strings;
			sourceTree = "<group>";
		};
		C502DD8A19315F1900C6A7B7 /* Main_iPhone.storyboard */ = {
			isa = PBXVariantGroup;
			children = (
				C502DD8B19315F1900C6A7B7 /* Base */,
			);
			name = Main_iPhone.storyboard;
			sourceTree = "<group>";
		};
		C502DD8D19315F1900C6A7B7 /* Main_iPad.storyboard */ = {
			isa = PBXVariantGroup;
			children = (
				C502DD8E19315F1900C6A7B7 /* Base */,
			);
			name = Main_iPad.storyboard;
			sourceTree = "<group>";
		};
		C502DDA619315F1900C6A7B7 /* InfoPlist.strings */ = {
			isa = PBXVariantGroup;
			children = (
				C502DDA719315F1900C6A7B7 /* en */,
			);
			name = InfoPlist.strings;
			sourceTree = "<group>";
		};
/* End PBXVariantGroup section */

/* Begin XCBuildConfiguration section */
		C502DDAB19315F1900C6A7B7 /* Debug */ = {
			isa = XCBuildConfiguration;
			buildSettings = {
				ALWAYS_SEARCH_USER_PATHS = NO;
				CLANG_CXX_LANGUAGE_STANDARD = "gnu++0x";
				CLANG_CXX_LIBRARY = "libc++";
				CLANG_ENABLE_MODULES = YES;
				CLANG_ENABLE_OBJC_ARC = YES;
				CLANG_WARN_BOOL_CONVERSION = YES;
				CLANG_WARN_CONSTANT_CONVERSION = YES;
				CLANG_WARN_DIRECT_OBJC_ISA_USAGE = YES_ERROR;
				CLANG_WARN_EMPTY_BODY = YES;
				CLANG_WARN_ENUM_CONVERSION = YES;
				CLANG_WARN_INT_CONVERSION = YES;
				CLANG_WARN_OBJC_ROOT_CLASS = YES_ERROR;
				CLANG_WARN__DUPLICATE_METHOD_MATCH = YES;
				"CODE_SIGN_IDENTITY[sdk=iphoneos*]" = "iPhone Developer";
				COPY_PHASE_STRIP = NO;
				GCC_C_LANGUAGE_STANDARD = gnu99;
				GCC_DYNAMIC_NO_PIC = NO;
				GCC_OPTIMIZATION_LEVEL = 0;
				GCC_PREPROCESSOR_DEFINITIONS = (
					"DEBUG=1",
					"$(inherited)",
				);
				GCC_SYMBOLS_PRIVATE_EXTERN = NO;
				GCC_WARN_64_TO_32_BIT_CONVERSION = YES;
				GCC_WARN_ABOUT_RETURN_TYPE = YES_ERROR;
				GCC_WARN_UNDECLARED_SELECTOR = YES;
				GCC_WARN_UNINITIALIZED_AUTOS = YES_AGGRESSIVE;
				GCC_WARN_UNUSED_FUNCTION = YES;
				GCC_WARN_UNUSED_VARIABLE = YES;
				IPHONEOS_DEPLOYMENT_TARGET = 7.1;
				ONLY_ACTIVE_ARCH = YES;
				SDKROOT = iphoneos;
				TARGETED_DEVICE_FAMILY = "1,2";
			};
			name = Debug;
		};
		C502DDAC19315F1900C6A7B7 /* Release */ = {
			isa = XCBuildConfiguration;
			buildSettings = {
				ALWAYS_SEARCH_USER_PATHS = NO;
				CLANG_CXX_LANGUAGE_STANDARD = "gnu++0x";
				CLANG_CXX_LIBRARY = "libc++";
				CLANG_ENABLE_MODULES = YES;
				CLANG_ENABLE_OBJC_ARC = YES;
				CLANG_WARN_BOOL_CONVERSION = YES;
				CLANG_WARN_CONSTANT_CONVERSION = YES;
				CLANG_WARN_DIRECT_OBJC_ISA_USAGE = YES_ERROR;
				CLANG_WARN_EMPTY_BODY = YES;
				CLANG_WARN_ENUM_CONVERSION = YES;
				CLANG_WARN_INT_CONVERSION = YES;
				CLANG_WARN_OBJC_ROOT_CLASS = YES_ERROR;
				CLANG_WARN__DUPLICATE_METHOD_MATCH = YES;
				"CODE_SIGN_IDENTITY[sdk=iphoneos*]" = "iPhone Developer";
				COPY_PHASE_STRIP = YES;
				ENABLE_NS_ASSERTIONS = NO;
				GCC_C_LANGUAGE_STANDARD = gnu99;
				GCC_WARN_64_TO_32_BIT_CONVERSION = YES;
				GCC_WARN_ABOUT_RETURN_TYPE = YES_ERROR;
				GCC_WARN_UNDECLARED_SELECTOR = YES;
				GCC_WARN_UNINITIALIZED_AUTOS = YES_AGGRESSIVE;
				GCC_WARN_UNUSED_FUNCTION = YES;
				GCC_WARN_UNUSED_VARIABLE = YES;
				IPHONEOS_DEPLOYMENT_TARGET = 7.1;
				SDKROOT = iphoneos;
				TARGETED_DEVICE_FAMILY = "1,2";
				VALIDATE_PRODUCT = YES;
			};
			name = Release;
		};
		C502DDAE19315F1900C6A7B7 /* Debug */ = {
			isa = XCBuildConfiguration;
			buildSettings = {
				ASSETCATALOG_COMPILER_APPICON_NAME = AppIcon;
				ASSETCATALOG_COMPILER_LAUNCHIMAGE_NAME = LaunchImage;
				GCC_PRECOMPILE_PREFIX_HEADER = YES;
				GCC_PREFIX_HEADER = "Backyard Grocers/Backyard Grocers-Prefix.pch";
				INFOPLIST_FILE = "Backyard Grocers/Backyard Grocers-Info.plist";
				PRODUCT_NAME = "$(TARGET_NAME)";
				WRAPPER_EXTENSION = app;
			};
			name = Debug;
		};
		C502DDAF19315F1900C6A7B7 /* Release */ = {
			isa = XCBuildConfiguration;
			buildSettings = {
				ASSETCATALOG_COMPILER_APPICON_NAME = AppIcon;
				ASSETCATALOG_COMPILER_LAUNCHIMAGE_NAME = LaunchImage;
				GCC_PRECOMPILE_PREFIX_HEADER = YES;
				GCC_PREFIX_HEADER = "Backyard Grocers/Backyard Grocers-Prefix.pch";
				INFOPLIST_FILE = "Backyard Grocers/Backyard Grocers-Info.plist";
				PRODUCT_NAME = "$(TARGET_NAME)";
				WRAPPER_EXTENSION = app;
			};
			name = Release;
		};
		C502DDB119315F1900C6A7B7 /* Debug */ = {
			isa = XCBuildConfiguration;
			buildSettings = {
				BUNDLE_LOADER = "$(BUILT_PRODUCTS_DIR)/Backyard Grocers.app/Backyard Grocers";
				FRAMEWORK_SEARCH_PATHS = (
					"$(SDKROOT)/Developer/Library/Frameworks",
					"$(inherited)",
					"$(DEVELOPER_FRAMEWORKS_DIR)",
				);
				GCC_PRECOMPILE_PREFIX_HEADER = YES;
				GCC_PREFIX_HEADER = "Backyard Grocers/Backyard Grocers-Prefix.pch";
				GCC_PREPROCESSOR_DEFINITIONS = (
					"DEBUG=1",
					"$(inherited)",
				);
				INFOPLIST_FILE = "Backyard GrocersTests/Backyard GrocersTests-Info.plist";
				PRODUCT_NAME = "$(TARGET_NAME)";
				TEST_HOST = "$(BUNDLE_LOADER)";
				WRAPPER_EXTENSION = xctest;
			};
			name = Debug;
		};
		C502DDB219315F1900C6A7B7 /* Release */ = {
			isa = XCBuildConfiguration;
			buildSettings = {
				BUNDLE_LOADER = "$(BUILT_PRODUCTS_DIR)/Backyard Grocers.app/Backyard Grocers";
				FRAMEWORK_SEARCH_PATHS = (
					"$(SDKROOT)/Developer/Library/Frameworks",
					"$(inherited)",
					"$(DEVELOPER_FRAMEWORKS_DIR)",
				);
				GCC_PRECOMPILE_PREFIX_HEADER = YES;
				GCC_PREFIX_HEADER = "Backyard Grocers/Backyard Grocers-Prefix.pch";
				INFOPLIST_FILE = "Backyard GrocersTests/Backyard GrocersTests-Info.plist";
				PRODUCT_NAME = "$(TARGET_NAME)";
				TEST_HOST = "$(BUNDLE_LOADER)";
				WRAPPER_EXTENSION = xctest;
			};
			name = Release;
		};
/* End XCBuildConfiguration section */

/* Begin XCConfigurationList section */
		C502DD7019315F1900C6A7B7 /* Build configuration list for PBXProject "Backyard Grocers" */ = {
			isa = XCConfigurationList;
			buildConfigurations = (
				C502DDAB19315F1900C6A7B7 /* Debug */,
				C502DDAC19315F1900C6A7B7 /* Release */,
			);
			defaultConfigurationIsVisible = 0;
			defaultConfigurationName = Release;
		};
		C502DDAD19315F1900C6A7B7 /* Build configuration list for PBXNativeTarget "Backyard Grocers" */ = {
			isa = XCConfigurationList;
			buildConfigurations = (
				C502DDAE19315F1900C6A7B7 /* Debug */,
				C502DDAF19315F1900C6A7B7 /* Release */,
			);
			defaultConfigurationIsVisible = 0;
		};
		C502DDB019315F1900C6A7B7 /* Build configuration list for PBXNativeTarget "Backyard GrocersTests" */ = {
			isa = XCConfigurationList;
			buildConfigurations = (
				C502DDB119315F1900C6A7B7 /* Debug */,
				C502DDB219315F1900C6A7B7 /* Release */,
			);
			defaultConfigurationIsVisible = 0;
		};
/* End XCConfigurationList section */
	};
	rootObject = C502DD6D19315F1900C6A7B7 /* Project object */;
}
