PODS:
  - Bolts (1.1.0)
  - Facebook-iOS-SDK (3.14.1):
    - Bolts
  - Parse-iOS-SDK (1.2.19):
    - Facebook-iOS-SDK (~> 3.7)
  - Reachability (3.1.1)

DEPENDENCIES:
  - Parse-iOS-SDK
  - Reachability

SPEC CHECKSUMS:
  Bolts: 91c2af8eae1d44e1dd75946a5b0ae04a43ea43e4
  Facebook-iOS-SDK: e9b3d5ac54ee3e5e693f4eef470b97911b3d076d
  Parse-iOS-SDK: 5e1f7e649a02f1cc19e73cc95bd43d7778848314
  Reachability: 8e9635e3cb4f98e7f825e51147f677ecc694d0e7

COCOAPODS: 0.32.1
